
Microsoft Visual Studio Solution File, Format Version 12.00
# Visual Studio Version 17
VisualStudioVersion = 17.1.31911.260
MinimumVisualStudioVersion = 10.0.40219.1
Project("{FAE04EC0-301F-11D3-BF4B-00C04F79EFBC}") = "RazorFakeSite", "RazorFakeSite\RazorFakeSite.csproj", "{E0874947-E362-4DB3-AC1C-91E3350BDCA8}"
EndProject
Global
	GlobalSection(SolutionConfigurationPlatforms) = preSolution
		Debug|Any CPU = Debug|Any CPU
		Release|Any CPU = Release|Any CPU
	EndGlobalSection
	GlobalSection(ProjectConfigurationPlatforms) = postSolution
		{E0874947-E362-4DB3-AC1C-91E3350BDCA8}.Debug|Any CPU.ActiveCfg = Debug|Any CPU
		{E0874947-E362-4DB3-AC1C-91E3350BDCA8}.Debug|Any CPU.Build.0 = Debug|Any CPU
		{E0874947-E362-4DB3-AC1C-91E3350BDCA8}.Release|Any CPU.ActiveCfg = Release|Any CPU
		{E0874947-E362-4DB3-AC1C-91E3350BDCA8}.Release|Any CPU.Build.0 = Release|Any CPU
	EndGlobalSection
	GlobalSection(SolutionProperties) = preSolution
		HideSolutionNode = FALSE
	EndGlobalSection
	GlobalSection(ExtensibilityGlobals) = postSolution
		SolutionGuid = {DBB723D5-4B7A-4DAB-A829-1C2E20DB320A}
	EndGlobalSection
EndGlobal
